// !$*UTF8*$!
{
	archiveVersion = 1;
	classes = {
	};
	objectVersion = 77;
	objects = {

/* Begin PBXContainerItemProxy section */
		B7656F332E174F7B00D93242 /* PBXContainerItemProxy */ = {
			isa = PBXContainerItemProxy;
			containerPortal = B7656F1A2E174F7A00D93242 /* Project object */;
			proxyType = 1;
			remoteGlobalIDString = B7656F212E174F7A00D93242;
			remoteInfo = TmdbApp;
		};
		B7656F3D2E174F7B00D93242 /* PBXContainerItemProxy */ = {
			isa = PBXContainerItemProxy;
			containerPortal = B7656F1A2E174F7A00D93242 /* Project object */;
			proxyType = 1;
			remoteGlobalIDString = B7656F212E174F7A00D93242;
			remoteInfo = TmdbApp;
		};
/* End PBXContainerItemProxy section */

/* Begin PBXFileReference section */
		B7656F222E174F7A00D93242 /* TmdbApp.app */ = {isa = PBXFileReference; explicitFileType = wrapper.application; includeInIndex = 0; path = TmdbApp.app; sourceTree = BUILT_PRODUCTS_DIR; };
		B7656F322E174F7B00D93242 /* TmdbAppTests.xctest */ = {isa = PBXFileReference; explicitFileType = wrapper.cfbundle; includeInIndex = 0; path = TmdbAppTests.xctest; sourceTree = BUILT_PRODUCTS_DIR; };
		B7656F3C2E174F7B00D93242 /* TmdbAppUITests.xctest */ = {isa = PBXFileReference; explicitFileType = wrapper.cfbundle; includeInIndex = 0; path = TmdbAppUITests.xctest; sourceTree = BUILT_PRODUCTS_DIR; };
/* End PBXFileReference section */

/* Begin PBXFileSystemSynchronizedRootGroup section */
		B7656F242E174F7A00D93242 /* TmdbApp */ = {
			isa = PBXFileSystemSynchronizedRootGroup;
			path = TmdbApp;
			sourceTree = "<group>";
		};
		B7656F352E174F7B00D93242 /* TmdbAppTests */ = {
			isa = PBXFileSystemSynchronizedRootGroup;
			path = TmdbAppTests;
			sourceTree = "<group>";
		};
		B7656F3F2E174F7B00D93242 /* TmdbAppUITests */ = {
			isa = PBXFileSystemSynchronizedRootGroup;
			path = TmdbAppUITests;
			sourceTree = "<group>";
		};
/* End PBXFileSystemSynchronizedRootGroup section */

/* Begin PBXFrameworksBuildPhase section */
		B7656F1F2E174F7A00D93242 /* Frameworks */ = {
			isa = PBXFrameworksBuildPhase;
			buildActionMask = 2147483647;
			files = (
			);
			runOnlyForDeploymentPostprocessing = 0;
		};
		B7656F2F2E174F7B00D93242 /* Frameworks */ = {
			isa = PBXFrameworksBuildPhase;
			buildActionMask = 2147483647;
			files = (
			);
			runOnlyForDeploymentPostprocessing = 0;
		};
		B7656F392E174F7B00D93242 /* Frameworks */ = {
			isa = PBXFrameworksBuildPhase;
			buildActionMask = 2147483647;
			files = (
			);
			runOnlyForDeploymentPostprocessing = 0;
		};
/* End PBXFrameworksBuildPhase section */

/* Begin PBXGroup section */
		B7656F192E174F7A00D93242 = {
			isa = PBXGroup;
			children = (
				B7656F242E174F7A00D93242 /* TmdbApp */,
				B7656F352E174F7B00D93242 /* TmdbAppTests */,
				B7656F3F2E174F7B00D93242 /* TmdbAppUITests */,
				B7656F232E174F7A00D93242 /* Products */,
			);
			sourceTree = "<group>";
		};
		B7656F232E174F7A00D93242 /* Products */ = {
			isa = PBXGroup;
			children = (
				B7656F222E174F7A00D93242 /* TmdbApp.app */,
				B7656F322E174F7B00D93242 /* TmdbAppTests.xctest */,
				B7656F3C2E174F7B00D93242 /* TmdbAppUITests.xctest */,
			);
			name = Products;
			sourceTree = "<group>";
		};
/* End PBXGroup section */

/* Begin PBXNativeTarget section */
		B7656F212E174F7A00D93242 /* TmdbApp */ = {
			isa = PBXNativeTarget;
			buildConfigurationList = B7656F462E174F7B00D93242 /* Build configuration list for PBXNativeTarget "TmdbApp" */;
			buildPhases = (
				B7656F1E2E174F7A00D93242 /* Sources */,
				B7656F1F2E174F7A00D93242 /* Frameworks */,
				B7656F202E174F7A00D93242 /* Resources */,
			);
			buildRules = (
			);
			dependencies = (
			);
			fileSystemSynchronizedGroups = (
				B7656F242E174F7A00D93242 /* TmdbApp */,
			);
			name = TmdbApp;
			packageProductDependencies = (
			);
			productName = TmdbApp;
			productReference = B7656F222E174F7A00D93242 /* TmdbApp.app */;
			productType = "com.apple.product-type.application";
		};
		B7656F312E174F7B00D93242 /* TmdbAppTests */ = {
			isa = PBXNativeTarget;
			buildConfigurationList = B7656F492E174F7B00D93242 /* Build configuration list for PBXNativeTarget "TmdbAppTests" */;
			buildPhases = (
				B7656F2E2E174F7B00D93242 /* Sources */,
				B7656F2F2E174F7B00D93242 /* Frameworks */,
				B7656F302E174F7B00D93242 /* Resources */,
			);
			buildRules = (
			);
			dependencies = (
				B7656F342E174F7B00D93242 /* PBXTargetDependency */,
			);
			fileSystemSynchronizedGroups = (
				B7656F352E174F7B00D93242 /* TmdbAppTests */,
			);
			name = TmdbAppTests;
			packageProductDependencies = (
			);
			productName = TmdbAppTests;
			productReference = B7656F322E174F7B00D93242 /* TmdbAppTests.xctest */;
			productType = "com.apple.product-type.bundle.unit-test";
		};
		B7656F3B2E174F7B00D93242 /* TmdbAppUITests */ = {
			isa = PBXNativeTarget;
			buildConfigurationList = B7656F4C2E174F7B00D93242 /* Build configuration list for PBXNativeTarget "TmdbAppUITests" */;
			buildPhases = (
				B7656F382E174F7B00D93242 /* Sources */,
				B7656F392E174F7B00D93242 /* Frameworks */,
				B7656F3A2E174F7B00D93242 /* Resources */,
			);
			buildRules = (
			);
			dependencies = (
				B7656F3E2E174F7B00D93242 /* PBXTargetDependency */,
			);
			fileSystemSynchronizedGroups = (
				B7656F3F2E174F7B00D93242 /* TmdbAppUITests */,
			);
			name = TmdbAppUITests;
			packageProductDependencies = (
			);
			productName = TmdbAppUITests;
			productReference = B7656F3C2E174F7B00D93242 /* TmdbAppUITests.xctest */;
			productType = "com.apple.product-type.bundle.ui-testing";
		};
/* End PBXNativeTarget section */

/* Begin PBXProject section */
		B7656F1A2E174F7A00D93242 /* Project object */ = {
			isa = PBXProject;
			attributes = {
				BuildIndependentTargetsInParallel = 1;
				LastSwiftUpdateCheck = 1600;
				LastUpgradeCheck = 1600;
				TargetAttributes = {
					B7656F212E174F7A00D93242 = {
						CreatedOnToolsVersion = 16.0;
					};
					B7656F312E174F7B00D93242 = {
						CreatedOnToolsVersion = 16.0;
						TestTargetID = B7656F212E174F7A00D93242;
					};
					B7656F3B2E174F7B00D93242 = {
						CreatedOnToolsVersion = 16.0;
						TestTargetID = B7656F212E174F7A00D93242;
					};
				};
			};
			buildConfigurationList = B7656F1D2E174F7A00D93242 /* Build configuration list for PBXProject "TmdbApp" */;
			developmentRegion = en;
			hasScannedForEncodings = 0;
			knownRegions = (
				en,
				Base,
			);
			mainGroup = B7656F192E174F7A00D93242;
			minimizedProjectReferenceProxies = 1;
			preferredProjectObjectVersion = 77;
			productRefGroup = B7656F232E174F7A00D93242 /* Products */;
			projectDirPath = "";
			projectRoot = "";
			targets = (
				B7656F212E174F7A00D93242 /* TmdbApp */,
				B7656F312E174F7B00D93242 /* TmdbAppTests */,
				B7656F3B2E174F7B00D93242 /* TmdbAppUITests */,
			);
		};
/* End PBXProject section */

/* Begin PBXResourcesBuildPhase section */
		B7656F202E174F7A00D93242 /* Resources */ = {
			isa = PBXResourcesBuildPhase;
			buildActionMask = 2147483647;
			files = (
			);
			runOnlyForDeploymentPostprocessing = 0;
		};
		B7656F302E174F7B00D93242 /* Resources */ = {
			isa = PBXResourcesBuildPhase;
			buildActionMask = 2147483647;
			files = (
			);
			runOnlyForDeploymentPostprocessing = 0;
		};
		B7656F3A2E174F7B00D93242 /* Resources */ = {
			isa = PBXResourcesBuildPhase;
			buildActionMask = 2147483647;
			files = (
			);
			runOnlyForDeploymentPostprocessing = 0;
		};
/* End PBXResourcesBuildPhase section */

/* Begin PBXSourcesBuildPhase section */
		B7656F1E2E174F7A00D93242 /* Sources */ = {
			isa = PBXSourcesBuildPhase;
			buildActionMask = 2147483647;
			files = (
			);
			runOnlyForDeploymentPostprocessing = 0;
		};
		B7656F2E2E174F7B00D93242 /* Sources */ = {
			isa = PBXSourcesBuildPhase;
			buildActionMask = 2147483647;
			files = (
			);
			runOnlyForDeploymentPostprocessing = 0;
		};
		B7656F382E174F7B00D93242 /* Sources */ = {
			isa = PBXSourcesBuildPhase;
			buildActionMask = 2147483647;
			files = (
			);
			runOnlyForDeploymentPostprocessing = 0;
		};
/* End PBXSourcesBuildPhase section */

/* Begin PBXTargetDependency section */
		B7656F342E174F7B00D93242 /* PBXTargetDependency */ = {
			isa = PBXTargetDependency;
			target = B7656F212E174F7A00D93242 /* TmdbApp */;
			targetProxy = B7656F332E174F7B00D93242 /* PBXContainerItemProxy */;
		};
		B7656F3E2E174F7B00D93242 /* PBXTargetDependency */ = {
			isa = PBXTargetDependency;
			target = B7656F212E174F7A00D93242 /* TmdbApp */;
			targetProxy = B7656F3D2E174F7B00D93242 /* PBXContainerItemProxy */;
		};
/* End PBXTargetDependency section */

/* Begin XCBuildConfiguration section */
		B7656F442E174F7B00D93242 /* Debug */ = {
			isa = XCBuildConfiguration;
			buildSettings = {
				ALWAYS_SEARCH_USER_PATHS = NO;
				ASSETCATALOG_COMPILER_GENERATE_SWIFT_ASSET_SYMBOL_EXTENSIONS = YES;
				CLANG_ANALYZER_NONNULL = YES;
				CLANG_ANALYZER_NUMBER_OBJECT_CONVERSION = YES_AGGRESSIVE;
				CLANG_CXX_LANGUAGE_STANDARD = "gnu++20";
				CLANG_ENABLE_MODULES = YES;
				CLANG_ENABLE_OBJC_ARC = YES;
				CLANG_ENABLE_OBJC_WEAK = YES;
				CLANG_WARN_BLOCK_CAPTURE_AUTORELEASING = YES;
				CLANG_WARN_BOOL_CONVERSION = YES;
				CLANG_WARN_COMMA = YES;
				CLANG_WARN_CONSTANT_CONVERSION = YES;
				CLANG_WARN_DEPRECATED_OBJC_IMPLEMENTATIONS = YES;
				CLANG_WARN_DIRECT_OBJC_ISA_USAGE = YES_ERROR;
				CLANG_WARN_DOCUMENTATION_COMMENTS = YES;
				CLANG_WARN_EMPTY_BODY = YES;
				CLANG_WARN_ENUM_CONVERSION = YES;
				CLANG_WARN_INFINITE_RECURSION = YES;
				CLANG_WARN_INT_CONVERSION = YES;
				CLANG_WARN_NON_LITERAL_NULL_CONVERSION = YES;
				CLANG_WARN_OBJC_IMPLICIT_RETAIN_SELF = YES;
				CLANG_WARN_OBJC_LITERAL_CONVERSION = YES;
				CLANG_WARN_OBJC_ROOT_CLASS = YES_ERROR;
				CLANG_WARN_QUOTED_INCLUDE_IN_FRAMEWORK_HEADER = YES;
				CLANG_WARN_RANGE_LOOP_ANALYSIS = YES;
				CLANG_WARN_STRICT_PROTOTYPES = YES;
				CLANG_WARN_SUSPICIOUS_MOVE = YES;
				CLANG_WARN_UNGUARDED_AVAILABILITY = YES_AGGRESSIVE;
				CLANG_WARN_UNREACHABLE_CODE = YES;
				CLANG_WARN__DUPLICATE_METHOD_MATCH = YES;
				COPY_PHASE_STRIP = NO;
				DEBUG_INFORMATION_FORMAT = dwarf;
				ENABLE_STRICT_OBJC_MSGSEND = YES;
				ENABLE_TESTABILITY = YES;
				ENABLE_USER_SCRIPT_SANDBOXING = YES;
				GCC_C_LANGUAGE_STANDARD = gnu17;
				GCC_DYNAMIC_NO_PIC = NO;
				GCC_NO_COMMON_BLOCKS = YES;
				GCC_OPTIMIZATION_LEVEL = 0;
				GCC_PREPROCESSOR_DEFINITIONS = (
					"DEBUG=1",
					"$(inherited)",
				);
				GCC_WARN_64_TO_32_BIT_CONVERSION = YES;
				GCC_WARN_ABOUT_RETURN_TYPE = YES_ERROR;
				GCC_WARN_UNDECLARED_SELECTOR = YES;
				GCC_WARN_UNINITIALIZED_AUTOS = YES_AGGRESSIVE;
				GCC_WARN_UNUSED_FUNCTION = YES;
				GCC_WARN_UNUSED_VARIABLE = YES;
				IPHONEOS_DEPLOYMENT_TARGET = 18.0;
				LOCALIZATION_PREFERS_STRING_CATALOGS = YES;
				MTL_ENABLE_DEBUG_INFO = INCLUDE_SOURCE;
				MTL_FAST_MATH = YES;
				ONLY_ACTIVE_ARCH = YES;
				SDKROOT = iphoneos;
				SWIFT_ACTIVE_COMPILATION_CONDITIONS = "DEBUG $(inherited)";
				SWIFT_OPTIMIZATION_LEVEL = "-Onone";
			};
			name = Debug;
		};
		B7656F452E174F7B00D93242 /* Release */ = {
			isa = XCBuildConfiguration;
			buildSettings = {
				ALWAYS_SEARCH_USER_PATHS = NO;
				ASSETCATALOG_COMPILER_GENERATE_SWIFT_ASSET_SYMBOL_EXTENSIONS = YES;
				CLANG_ANALYZER_NONNULL = YES;
				CLANG_ANALYZER_NUMBER_OBJECT_CONVERSION = YES_AGGRESSIVE;
				CLANG_CXX_LANGUAGE_STANDARD = "gnu++20";
				CLANG_ENABLE_MODULES = YES;
				CLANG_ENABLE_OBJC_ARC = YES;
				CLANG_ENABLE_OBJC_WEAK = YES;
				CLANG_WARN_BLOCK_CAPTURE_AUTORELEASING = YES;
				CLANG_WARN_BOOL_CONVERSION = YES;
				CLANG_WARN_COMMA = YES;
				CLANG_WARN_CONSTANT_CONVERSION = YES;
				CLANG_WARN_DEPRECATED_OBJC_IMPLEMENTATIONS = YES;
				CLANG_WARN_DIRECT_OBJC_ISA_USAGE = YES_ERROR;
				CLANG_WARN_DOCUMENTATION_COMMENTS = YES;
				CLANG_WARN_EMPTY_BODY = YES;
				CLANG_WARN_ENUM_CONVERSION = YES;
				CLANG_WARN_INFINITE_RECURSION = YES;
				CLANG_WARN_INT_CONVERSION = YES;
				CLANG_WARN_NON_LITERAL_NULL_CONVERSION = YES;
				CLANG_WARN_OBJC_IMPLICIT_RETAIN_SELF = YES;
				CLANG_WARN_OBJC_LITERAL_CONVERSION = YES;
				CLANG_WARN_OBJC_ROOT_CLASS = YES_ERROR;
				CLANG_WARN_QUOTED_INCLUDE_IN_FRAMEWORK_HEADER = YES;
				CLANG_WARN_RANGE_LOOP_ANALYSIS = YES;
				CLANG_WARN_STRICT_PROTOTYPES = YES;
				CLANG_WARN_SUSPICIOUS_MOVE = YES;
				CLANG_WARN_UNGUARDED_AVAILABILITY = YES_AGGRESSIVE;
				CLANG_WARN_UNREACHABLE_CODE = YES;
				CLANG_WARN__DUPLICATE_METHOD_MATCH = YES;
				COPY_PHASE_STRIP = NO;
				DEBUG_INFORMATION_FORMAT = "dwarf-with-dsym";
				ENABLE_NS_ASSERTIONS = NO;
				ENABLE_STRICT_OBJC_MSGSEND = YES;
				ENABLE_USER_SCRIPT_SANDBOXING = YES;
				GCC_C_LANGUAGE_STANDARD = gnu17;
				GCC_NO_COMMON_BLOCKS = YES;
				GCC_WARN_64_TO_32_BIT_CONVERSION = YES;
				GCC_WARN_ABOUT_RETURN_TYPE = YES_ERROR;
				GCC_WARN_UNDECLARED_SELECTOR = YES;
				GCC_WARN_UNINITIALIZED_AUTOS = YES_AGGRESSIVE;
				GCC_WARN_UNUSED_FUNCTION = YES;
				GCC_WARN_UNUSED_VARIABLE = YES;
				IPHONEOS_DEPLOYMENT_TARGET = 18.0;
				LOCALIZATION_PREFERS_STRING_CATALOGS = YES;
				MTL_ENABLE_DEBUG_INFO = NO;
				MTL_FAST_MATH = YES;
				SDKROOT = iphoneos;
				SWIFT_COMPILATION_MODE = wholemodule;
				VALIDATE_PRODUCT = YES;
			};
			name = Release;
		};
		B7656F472E174F7B00D93242 /* Debug */ = {
			isa = XCBuildConfiguration;
			buildSettings = {
				ASSETCATALOG_COMPILER_APPICON_NAME = AppIcon;
				ASSETCATALOG_COMPILER_GLOBAL_ACCENT_COLOR_NAME = AccentColor;
				CODE_SIGN_STYLE = Automatic;
				CURRENT_PROJECT_VERSION = 1;
				DEVELOPMENT_ASSET_PATHS = "\"TmdbApp/Preview Content\"";
				ENABLE_PREVIEWS = YES;
				GENERATE_INFOPLIST_FILE = YES;
				INFOPLIST_KEY_UIApplicationSceneManifest_Generation = YES;
				INFOPLIST_KEY_UIApplicationSupportsIndirectInputEvents = YES;
				INFOPLIST_KEY_UILaunchScreen_Generation = YES;
				INFOPLIST_KEY_UISupportedInterfaceOrientations_iPad = "UIInterfaceOrientationPortrait UIInterfaceOrientationPortraitUpsideDown UIInterfaceOrientationLandscapeLeft UIInterfaceOrientationLandscapeRight";
				INFOPLIST_KEY_UISupportedInterfaceOrientations_iPhone = "UIInterfaceOrientationPortrait UIInterfaceOrientationLandscapeLeft UIInterfaceOrientationLandscapeRight";
				LD_RUNPATH_SEARCH_PATHS = (
					"$(inherited)",
					"@executable_path/Frameworks",
				);
				MARKETING_VERSION = 1.0;
				PRODUCT_BUNDLE_IDENTIFIER = DDouglas.TmdbApp;
				PRODUCT_NAME = "$(TARGET_NAME)";
				SWIFT_EMIT_LOC_STRINGS = YES;
				SWIFT_VERSION = 5.0;
				TARGETED_DEVICE_FAMILY = "1,2";
			};
			name = Debug;
		};
		B7656F482E174F7B00D93242 /* Release */ = {
			isa = XCBuildConfiguration;
			buildSettings = {
				ASSETCATALOG_COMPILER_APPICON_NAME = AppIcon;
				ASSETCATALOG_COMPILER_GLOBAL_ACCENT_COLOR_NAME = AccentColor;
				CODE_SIGN_STYLE = Automatic;
				CURRENT_PROJECT_VERSION = 1;
				DEVELOPMENT_ASSET_PATHS = "\"TmdbApp/Preview Content\"";
				ENABLE_PREVIEWS = YES;
				GENERATE_INFOPLIST_FILE = YES;
				INFOPLIST_KEY_UIApplicationSceneManifest_Generation = YES;
				INFOPLIST_KEY_UIApplicationSupportsIndirectInputEvents = YES;
				INFOPLIST_KEY_UILaunchScreen_Generation = YES;
				INFOPLIST_KEY_UISupportedInterfaceOrientations_iPad = "UIInterfaceOrientationPortrait UIInterfaceOrientationPortraitUpsideDown UIInterfaceOrientationLandscapeLeft UIInterfaceOrientationLandscapeRight";
				INFOPLIST_KEY_UISupportedInterfaceOrientations_iPhone = "UIInterfaceOrientationPortrait UIInterfaceOrientationLandscapeLeft UIInterfaceOrientationLandscapeRight";
				LD_RUNPATH_SEARCH_PATHS = (
					"$(inherited)",
					"@executable_path/Frameworks",
				);
				MARKETING_VERSION = 1.0;
				PRODUCT_BUNDLE_IDENTIFIER = DDouglas.TmdbApp;
				PRODUCT_NAME = "$(TARGET_NAME)";
				SWIFT_EMIT_LOC_STRINGS = YES;
				SWIFT_VERSION = 5.0;
				TARGETED_DEVICE_FAMILY = "1,2";
			};
			name = Release;
		};
		B7656F4A2E174F7B00D93242 /* Debug */ = {
			isa = XCBuildConfiguration;
			buildSettings = {
				BUNDLE_LOADER = "$(TEST_HOST)";
				CODE_SIGN_STYLE = Automatic;
				CURRENT_PROJECT_VERSION = 1;
				GENERATE_INFOPLIST_FILE = YES;
				IPHONEOS_DEPLOYMENT_TARGET = 18.0;
				MARKETING_VERSION = 1.0;
				PRODUCT_BUNDLE_IDENTIFIER = DDouglas.TmdbAppTests;
				PRODUCT_NAME = "$(TARGET_NAME)";
				SWIFT_EMIT_LOC_STRINGS = NO;
				SWIFT_VERSION = 5.0;
				TARGETED_DEVICE_FAMILY = "1,2";
				TEST_HOST = "$(BUILT_PRODUCTS_DIR)/TmdbApp.app/$(BUNDLE_EXECUTABLE_FOLDER_PATH)/TmdbApp";
			};
			name = Debug;
		};
		B7656F4B2E174F7B00D93242 /* Release */ = {
			isa = XCBuildConfiguration;
			buildSettings = {
				BUNDLE_LOADER = "$(TEST_HOST)";
				CODE_SIGN_STYLE = Automatic;
				CURRENT_PROJECT_VERSION = 1;
				GENERATE_INFOPLIST_FILE = YES;
				IPHONEOS_DEPLOYMENT_TARGET = 18.0;
				MARKETING_VERSION = 1.0;
				PRODUCT_BUNDLE_IDENTIFIER = DDouglas.TmdbAppTests;
				PRODUCT_NAME = "$(TARGET_NAME)";
				SWIFT_EMIT_LOC_STRINGS = NO;
				SWIFT_VERSION = 5.0;
				TARGETED_DEVICE_FAMILY = "1,2";
				TEST_HOST = "$(BUILT_PRODUCTS_DIR)/TmdbApp.app/$(BUNDLE_EXECUTABLE_FOLDER_PATH)/TmdbApp";
			};
			name = Release;
		};
		B7656F4D2E174F7B00D93242 /* Debug */ = {
			isa = XCBuildConfiguration;
			buildSettings = {
				CODE_SIGN_STYLE = Automatic;
				CURRENT_PROJECT_VERSION = 1;
				GENERATE_INFOPLIST_FILE = YES;
				MARKETING_VERSION = 1.0;
				PRODUCT_BUNDLE_IDENTIFIER = DDouglas.TmdbAppUITests;
				PRODUCT_NAME = "$(TARGET_NAME)";
				SWIFT_EMIT_LOC_STRINGS = NO;
				SWIFT_VERSION = 5.0;
				TARGETED_DEVICE_FAMILY = "1,2";
				TEST_TARGET_NAME = TmdbApp;
			};
			name = Debug;
		};
		B7656F4E2E174F7B00D93242 /* Release */ = {
			isa = XCBuildConfiguration;
			buildSettings = {
				CODE_SIGN_STYLE = Automatic;
				CURRENT_PROJECT_VERSION = 1;
				GENERATE_INFOPLIST_FILE = YES;
				MARKETING_VERSION = 1.0;
				PRODUCT_BUNDLE_IDENTIFIER = DDouglas.TmdbAppUITests;
				PRODUCT_NAME = "$(TARGET_NAME)";
				SWIFT_EMIT_LOC_STRINGS = NO;
				SWIFT_VERSION = 5.0;
				TARGETED_DEVICE_FAMILY = "1,2";
				TEST_TARGET_NAME = TmdbApp;
			};
			name = Release;
		};
/* End XCBuildConfiguration section */

/* Begin XCConfigurationList section */
		B7656F1D2E174F7A00D93242 /* Build configuration list for PBXProject "TmdbApp" */ = {
			isa = XCConfigurationList;
			buildConfigurations = (
				B7656F442E174F7B00D93242 /* Debug */,
				B7656F452E174F7B00D93242 /* Release */,
			);
			defaultConfigurationIsVisible = 0;
			defaultConfigurationName = Release;
		};
		B7656F462E174F7B00D93242 /* Build configuration list for PBXNativeTarget "TmdbApp" */ = {
			isa = XCConfigurationList;
			buildConfigurations = (
				B7656F472E174F7B00D93242 /* Debug */,
				B7656F482E174F7B00D93242 /* Release */,
			);
			defaultConfigurationIsVisible = 0;
			defaultConfigurationName = Release;
		};
		B7656F492E174F7B00D93242 /* Build configuration list for PBXNativeTarget "TmdbAppTests" */ = {
			isa = XCConfigurationList;
			buildConfigurations = (
				B7656F4A2E174F7B00D93242 /* Debug */,
				B7656F4B2E174F7B00D93242 /* Release */,
			);
			defaultConfigurationIsVisible = 0;
			defaultConfigurationName = Release;
		};
		B7656F4C2E174F7B00D93242 /* Build configuration list for PBXNativeTarget "TmdbAppUITests" */ = {
			isa = XCConfigurationList;
			buildConfigurations = (
				B7656F4D2E174F7B00D93242 /* Debug */,
				B7656F4E2E174F7B00D93242 /* Release */,
			);
			defaultConfigurationIsVisible = 0;
			defaultConfigurationName = Release;
		};
/* End XCConfigurationList section */
	};
	rootObject = B7656F1A2E174F7A00D93242 /* Project object */;
}
